
Microsoft Visual Studio Solution File, Format Version 12.00
# Visual Studio Version 17
VisualStudioVersion = 17.9.34728.123
MinimumVisualStudioVersion = 10.0.40219.1
Project("{FAE04EC0-301F-11D3-BF4B-00C04F79EFBC}") = "WindowsPrinterService", "WindowsPrinterService.csproj", "{EE1D2B35-C4CD-4704-9F8B-22C1345B7032}"
EndProject
Global
	GlobalSection(SolutionConfigurationPlatforms) = preSolution
		Debug|Any CPU = Debug|Any CPU
		Release|Any CPU = Release|Any CPU
	EndGlobalSection
	GlobalSection(ProjectConfigurationPlatforms) = postSolution
		{EE1D2B35-C4CD-4704-9F8B-22C1345B7032}.Debug|Any CPU.ActiveCfg = Debug|Any CPU
		{EE1D2B35-C4CD-4704-9F8B-22C1345B7032}.Debug|Any CPU.Build.0 = Debug|Any CPU
		{EE1D2B35-C4CD-4704-9F8B-22C1345B7032}.Release|Any CPU.ActiveCfg = Release|Any CPU
		{EE1D2B35-C4CD-4704-9F8B-22C1345B7032}.Release|Any CPU.Build.0 = Release|Any CPU
	EndGlobalSection
	GlobalSection(SolutionProperties) = preSolution
		HideSolutionNode = FALSE
	EndGlobalSection
	GlobalSection(ExtensibilityGlobals) = postSolution
		SolutionGuid = {B47833F1-AFA7-402D-860F-126D97750824}
	EndGlobalSection
EndGlobal
